{
    "_readme": [
        "This file locks the dependencies of your project to a known state",
        "Read more about it at http://getcomposer.org/doc/01-basic-usage.md#composer-lock-the-lock-file",
        "This file is @generated automatically"
    ],
    "hash": "9cac8b4751080405faf5dcf07cd9e594",
    "packages": [
        {
            "name": "symfony/filesystem",
            "version": "v2.5.0",
            "target-dir": "Symfony/Component/Filesystem",
            "source": {
                "type": "git",
                "url": "https://github.com/symfony/Filesystem.git",
                "reference": "98e831eac836a0a5911626ce82684155f21d0e4d"
            },
            "dist": {
                "type": "zip",
                "url": "https://api.github.com/repos/symfony/Filesystem/zipball/98e831eac836a0a5911626ce82684155f21d0e4d",
                "reference": "98e831eac836a0a5911626ce82684155f21d0e4d",
                "shasum": ""
            },
            "require": {
                "php": ">=5.3.3"
            },
            "type": "library",
            "extra": {
                "branch-alias": {
                    "dev-master": "2.5-dev"
                }
            },
            "autoload": {
                "psr-0": {
                    "Symfony\\Component\\Filesystem\\": ""
                }
            },
            "notification-url": "https://packagist.org/downloads/",
            "license": [
                "MIT"
            ],
            "authors": [
                {
                    "name": "Fabien Potencier",
                    "email": "fabien@symfony.com",
                    "homepage": "http://fabien.potencier.org",
                    "role": "Lead Developer"
                },
                {
                    "name": "Symfony Community",
                    "homepage": "http://symfony.com/contributors"
                }
            ],
            "description": "Symfony Filesystem Component",
            "homepage": "http://symfony.com",
            "time": "2014-04-16 10:36:21"
        },
        {
            "name": "symfony/finder",
            "version": "v2.5.0",
            "target-dir": "Symfony/Component/Finder",
            "source": {
                "type": "git",
                "url": "https://github.com/symfony/Finder.git",
                "reference": "307aad2c541bbdf43183043645e186ef2cd6b973"
            },
            "dist": {
                "type": "zip",
                "url": "https://api.github.com/repos/symfony/Finder/zipball/307aad2c541bbdf43183043645e186ef2cd6b973",
                "reference": "307aad2c541bbdf43183043645e186ef2cd6b973",
                "shasum": ""
            },
            "require": {
                "php": ">=5.3.3"
            },
            "type": "library",
            "extra": {
                "branch-alias": {
                    "dev-master": "2.5-dev"
                }
            },
            "autoload": {
                "psr-0": {
                    "Symfony\\Component\\Finder\\": ""
                }
            },
            "notification-url": "https://packagist.org/downloads/",
            "license": [
                "MIT"
            ],
            "authors": [
                {
                    "name": "Fabien Potencier",
                    "email": "fabien@symfony.com",
                    "homepage": "http://fabien.potencier.org",
                    "role": "Lead Developer"
                },
                {
                    "name": "Symfony Community",
                    "homepage": "http://symfony.com/contributors"
                }
            ],
            "description": "Symfony Finder Component",
            "homepage": "http://symfony.com",
            "time": "2014-05-22 13:47:45"
        }
    ],
    "packages-dev": [
        {
            "name": "composer/installers",
            "version": "v1.0.15",
            "source": {
                "type": "git",
                "url": "https://github.com/composer/installers.git",
                "reference": "8e6a72a78f6cfd537fde3350720dfdc9ae3c5621"
            },
            "dist": {
                "type": "zip",
                "url": "https://api.github.com/repos/composer/installers/zipball/8e6a72a78f6cfd537fde3350720dfdc9ae3c5621",
                "reference": "8e6a72a78f6cfd537fde3350720dfdc9ae3c5621",
                "shasum": ""
            },
            "replace": {
                "roundcube/plugin-installer": "*",
                "shama/baton": "*"
            },
            "require-dev": {
                "composer/composer": "1.0.*@dev",
                "phpunit/phpunit": "4.1.*"
            },
            "type": "composer-installer",
            "extra": {
                "class": "Composer\\Installers\\Installer",
                "branch-alias": {
                    "dev-master": "1.0-dev"
                }
            },
            "autoload": {
                "psr-0": {
                    "Composer\\Installers\\": "src/"
                }
            },
            "notification-url": "https://packagist.org/downloads/",
            "license": [
                "MIT"
            ],
            "authors": [
                {
                    "name": "Kyle Robinson Young",
                    "email": "kyle@dontkry.com",
                    "homepage": "https://github.com/shama",
                    "role": "Developer"
                }
            ],
            "description": "A multi-framework Composer library installer",
            "homepage": "http://composer.github.com/installers/",
            "keywords": [
                "Craft",
                "Dolibarr",
                "Hurad",
                "MODX Evo",
                "OXID",
                "WolfCMS",
                "agl",
                "annotatecms",
                "bitrix",
                "cakephp",
                "codeigniter",
                "concrete5",
                "croogo",
                "drupal",
                "elgg",
                "fuelphp",
                "installer",
                "joomla",
                "kohana",
                "laravel",
                "lithium",
                "magento",
                "mako",
                "mediawiki",
                "modulework",
                "moodle",
                "phpbb",
                "piwik",
                "ppi",
                "roundcube",
                "shopware",
                "silverstripe",
                "symfony",
                "typo3",
                "wordpress",
                "zend",
                "zikula"
            ],
            "time": "2014-06-23 16:25:28"
        },
        {
            "name": "drupal/advanced_help",
            "version": "7.1.1",
            "source": {
                "type": "git",
                "url": "http://git.drupal.org/project/advanced_help",
                "reference": "e5c25ae431f03a6c6146a581d739f1a0048175db"
            },
            "dist": {
                "type": "zip",
                "url": "http://ftp.drupal.org/files/projects/advanced_help-7.x-1.1.zip",
                "reference": null,
                "shasum": null
            },
            "require": {
                "composer/installers": "~1.0",
                "drupal/drupal": "7.*"
            },
            "replace": {
                "drupal/help_example": "self.version"
            },
            "type": "drupal-module",
            "extra": {
                "branch-alias": {
                    "dev-7.x-1.x": "7.1.x"
                }
            },
            "notification-url": "http://drupal-packagist.org/downloads/",
            "description": "Allow advanced help and documentation."
        },
        {
            "name": "drupal/ctools",
            "version": "7.1.4",
            "source": {
                "type": "git",
                "url": "http://git.drupal.org/project/ctools",
                "reference": "5438b40dbe532af6a7eca891c86eaef845bff945"
            },
            "dist": {
                "type": "zip",
                "url": "http://ftp.drupal.org/files/projects/ctools-7.x-1.4.zip",
                "reference": null,
                "shasum": null
            },
            "require": {
                "composer/installers": "~1.0",
                "drupal/advanced_help": "7.*",
                "drupal/color": "7.*",
                "drupal/drupal": "7.*",
                "drupal/panels": "7.*",
                "drupal/views": "7.*"
            },
            "replace": {
                "drupal/bulk_export": "self.version",
                "drupal/ctools_access_ruleset": "self.version",
                "drupal/ctools_ajax_sample": "self.version",
                "drupal/ctools_custom_content": "self.version",
                "drupal/ctools_plugin_example": "self.version",
                "drupal/page_manager": "self.version",
                "drupal/stylizer": "self.version",
                "drupal/term_depth": "self.version",
                "drupal/views_content": "self.version"
            },
            "type": "drupal-module",
            "extra": {
                "branch-alias": {
                    "dev-7.x-1.x": "7.1.x"
                }
            },
            "notification-url": "http://drupal-packagist.org/downloads/",
            "description": "A library of helpful tools by Merlin of Chaos."
        },
        {
            "name": "drupal/drupal",
            "version": "7.28.0",
            "source": {
                "type": "git",
                "url": "http://git.drupal.org/project/drupal",
                "reference": "23599090784700dea3675270d0eb242badf9fb28"
            },
            "dist": {
                "type": "zip",
                "url": "http://ftp.drupal.org/files/projects/drupal-7.28.zip",
                "reference": null,
                "shasum": null
            },
            "replace": {
                "drupal/aggregator": "self.version",
                "drupal/bartik": "self.version",
                "drupal/block": "self.version",
                "drupal/blog": "self.version",
                "drupal/book": "self.version",
                "drupal/color": "self.version",
                "drupal/comment": "self.version",
                "drupal/contact": "self.version",
                "drupal/contextual": "self.version",
                "drupal/dashboard": "self.version",
                "drupal/dblog": "self.version",
                "drupal/field": "self.version",
                "drupal/field_sql_storage": "self.version",
                "drupal/field_ui": "self.version",
                "drupal/file": "self.version",
                "drupal/filter": "self.version",
                "drupal/forum": "self.version",
                "drupal/garland": "self.version",
                "drupal/help": "self.version",
                "drupal/image": "self.version",
                "drupal/list": "self.version",
                "drupal/locale": "self.version",
                "drupal/menu": "self.version",
                "drupal/minimal": "self.version",
                "drupal/node": "self.version",
                "drupal/number": "self.version",
                "drupal/openid": "self.version",
                "drupal/options": "self.version",
                "drupal/overlay": "self.version",
                "drupal/path": "self.version",
                "drupal/php": "self.version",
                "drupal/poll": "self.version",
                "drupal/profile": "self.version",
                "drupal/rdf": "self.version",
                "drupal/search": "self.version",
                "drupal/search_embedded_form": "self.version",
                "drupal/search_extra_type": "self.version",
                "drupal/seven": "self.version",
                "drupal/shortcut": "self.version",
                "drupal/standard": "self.version",
                "drupal/stark": "self.version",
                "drupal/statistics": "self.version",
                "drupal/syslog": "self.version",
                "drupal/system": "self.version",
                "drupal/taxonomy": "self.version",
                "drupal/test_basetheme": "self.version",
                "drupal/test_subtheme": "self.version",
                "drupal/test_theme": "self.version",
                "drupal/testing": "self.version",
                "drupal/text": "self.version",
                "drupal/toolbar": "self.version",
                "drupal/tracker": "self.version",
                "drupal/translation": "self.version",
                "drupal/trigger": "self.version",
                "drupal/update": "self.version",
                "drupal/user": "self.version"
            },
            "type": "library",
            "extra": {
                "branch-alias": {
                    "dev-7.x-28.x": "7.28.x"
                }
            },
            "notification-url": "http://drupal-packagist.org/downloads/",
            "description": "Handles general site configuration for administrators."
        },
        {
            "name": "drupal/panels",
            "version": "7.3.3",
            "source": {
                "type": "git",
                "url": "http://git.drupal.org/project/panels",
                "reference": "6662e3b87186e42b677030eae63702fdb8061531"
            },
            "dist": {
                "type": "zip",
                "url": "http://ftp.drupal.org/files/projects/panels-7.x-3.3.zip",
                "reference": null,
                "shasum": null
            },
            "require": {
                "composer/installers": "~1.0",
                "drupal/ctools": "7.*",
                "drupal/drupal": "7.*"
            },
            "replace": {
                "drupal/panels_ipe": "self.version",
                "drupal/panels_mini": "self.version",
                "drupal/panels_node": "self.version"
            },
            "type": "drupal-module",
            "extra": {
                "branch-alias": {
                    "dev-7.x-3.x": "7.3.x"
                }
            },
            "notification-url": "http://drupal-packagist.org/downloads/",
            "description": "Core Panels display functions; provides no external UI, at least one other Panels module should be enabled."
        },
        {
            "name": "drupal/views",
            "version": "7.3.8",
            "source": {
                "type": "git",
                "url": "http://git.drupal.org/project/views",
                "reference": "dd711929f95788e32a15b3d19fb32c0c7c0a263d"
            },
            "dist": {
                "type": "zip",
                "url": "http://ftp.drupal.org/files/projects/views-7.x-3.8.zip",
                "reference": null,
                "shasum": null
            },
            "require": {
                "composer/installers": "~1.0",
                "drupal/ctools": "7.*",
                "drupal/drupal": "7.*"
            },
            "replace": {
                "drupal/views_ui": "self.version"
            },
            "type": "drupal-module",
            "extra": {
                "branch-alias": {
                    "dev-7.x-3.x": "7.3.x"
                }
            },
            "notification-url": "http://drupal-packagist.org/downloads/",
            "description": "Create customized lists and queries from your database."
        }
    ],
    "aliases": [],
    "minimum-stability": "stable",
    "stability-flags": {
        "symfony/filesystem": 0,
        "symfony/finder": 0
    },
    "platform": [],
    "platform-dev": []
}
